// !$*UTF8*$!
{
	archiveVersion = 1;
	classes = {
	};
	objectVersion = 46;
	objects = {

/* Begin PBXBuildFile section */
		D707064A186C4F1B0046533A /* util.c in Sources */ = {isa = PBXBuildFile; fileRef = D7070649186C4F1B0046533A /* util.c */; };
		D7070659186D19EE0046533A /* file.c in Sources */ = {isa = PBXBuildFile; fileRef = D7070658186D19EE0046533A /* file.c */; };
		D707065B186D1A010046533A /* dir.c in Sources */ = {isa = PBXBuildFile; fileRef = D707065A186D1A010046533A /* dir.c */; };
		D707065D186D1E690046533A /* super.c in Sources */ = {isa = PBXBuildFile; fileRef = D707065C186D1E690046533A /* super.c */; };
		D707065F186D27460046533A /* namei.c in Sources */ = {isa = PBXBuildFile; fileRef = D707065E186D27460046533A /* namei.c */; };
		D721F8A018758B2B00EAF9E7 /* inode.c in Sources */ = {isa = PBXBuildFile; fileRef = D721F89F18758B2B00EAF9E7 /* inode.c */; };
		D75DD61218503EBB00519EB3 /* main.c in Sources */ = {isa = PBXBuildFile; fileRef = D75DD61118503EBB00519EB3 /* main.c */; };
		D75DD61418503EBB00519EB3 /* v_filesystem.1 in CopyFiles */ = {isa = PBXBuildFile; fileRef = D75DD61318503EBB00519EB3 /* v_filesystem.1 */; };
		D79D866C1879B78400AFD401 /* balloc.c in Sources */ = {isa = PBXBuildFile; fileRef = D79D866B1879B78400AFD401 /* balloc.c */; };
/* End PBXBuildFile section */

/* Begin PBXCopyFilesBuildPhase section */
		D75DD60C18503EBB00519EB3 /* CopyFiles */ = {
			isa = PBXCopyFilesBuildPhase;
			buildActionMask = 2147483647;
			dstPath = /usr/share/man/man1/;
			dstSubfolderSpec = 0;
			files = (
				D75DD61418503EBB00519EB3 /* v_filesystem.1 in CopyFiles */,
			);
			runOnlyForDeploymentPostprocessing = 1;
		};
/* End PBXCopyFilesBuildPhase section */

/* Begin PBXFileReference section */
		D7070649186C4F1B0046533A /* util.c */ = {isa = PBXFileReference; fileEncoding = 4; lastKnownFileType = sourcecode.c.c; path = util.c; sourceTree = "<group>"; };
		D707064B186C4F2E0046533A /* util.h */ = {isa = PBXFileReference; lastKnownFileType = sourcecode.c.h; path = util.h; sourceTree = "<group>"; };
		D7070657186D19EE0046533A /* beanfs.h */ = {isa = PBXFileReference; fileEncoding = 4; lastKnownFileType = sourcecode.c.h; name = beanfs.h; path = beanfs/beanfs.h; sourceTree = "<group>"; };
		D7070658186D19EE0046533A /* file.c */ = {isa = PBXFileReference; fileEncoding = 4; lastKnownFileType = sourcecode.c.c; name = file.c; path = beanfs/file.c; sourceTree = "<group>"; };
		D707065A186D1A010046533A /* dir.c */ = {isa = PBXFileReference; fileEncoding = 4; lastKnownFileType = sourcecode.c.c; name = dir.c; path = beanfs/dir.c; sourceTree = "<group>"; };
		D707065C186D1E690046533A /* super.c */ = {isa = PBXFileReference; fileEncoding = 4; lastKnownFileType = sourcecode.c.c; name = super.c; path = beanfs/super.c; sourceTree = "<group>"; };
		D707065E186D27460046533A /* namei.c */ = {isa = PBXFileReference; fileEncoding = 4; lastKnownFileType = sourcecode.c.c; name = namei.c; path = beanfs/namei.c; sourceTree = "<group>"; };
		D721F89F18758B2B00EAF9E7 /* inode.c */ = {isa = PBXFileReference; fileEncoding = 4; lastKnownFileType = sourcecode.c.c; name = inode.c; path = beanfs/inode.c; sourceTree = "<group>"; };
		D75DD61118503EBB00519EB3 /* main.c */ = {isa = PBXFileReference; lastKnownFileType = sourcecode.c.c; path = main.c; sourceTree = "<group>"; };
		D75DD61318503EBB00519EB3 /* v_filesystem.1 */ = {isa = PBXFileReference; lastKnownFileType = text.man; path = v_filesystem.1; sourceTree = "<group>"; };
		D79D86681876A00900AFD401 /* v_filesystem */ = {isa = PBXFileReference; explicitFileType = "compiled.mach-o.executable"; includeInIndex = 0; path = v_filesystem; sourceTree = BUILT_PRODUCTS_DIR; };
		D79D866B1879B78400AFD401 /* balloc.c */ = {isa = PBXFileReference; fileEncoding = 4; lastKnownFileType = sourcecode.c.c; name = balloc.c; path = beanfs/balloc.c; sourceTree = "<group>"; };
/* End PBXFileReference section */

/* Begin PBXFrameworksBuildPhase section */
		D75DD60B18503EBB00519EB3 /* Frameworks */ = {
			isa = PBXFrameworksBuildPhase;
			buildActionMask = 2147483647;
			files = (
			);
			runOnlyForDeploymentPostprocessing = 0;
		};
/* End PBXFrameworksBuildPhase section */

/* Begin PBXGroup section */
		D7070656186D19A50046533A /* beanfs */ = {
			isa = PBXGroup;
			children = (
				D7070657186D19EE0046533A /* beanfs.h */,
				D79D866B1879B78400AFD401 /* balloc.c */,
				D721F89F18758B2B00EAF9E7 /* inode.c */,
				D7070658186D19EE0046533A /* file.c */,
				D707065A186D1A010046533A /* dir.c */,
				D707065C186D1E690046533A /* super.c */,
				D707065E186D27460046533A /* namei.c */,
			);
			name = beanfs;
			sourceTree = "<group>";
		};
		D75DD60518503EBB00519EB3 = {
			isa = PBXGroup;
			children = (
				D75DD61018503EBB00519EB3 /* v_filesystem */,
				D79D86681876A00900AFD401 /* v_filesystem */,
			);
			sourceTree = "<group>";
		};
		D75DD61018503EBB00519EB3 /* v_filesystem */ = {
			isa = PBXGroup;
			children = (
				D7070656186D19A50046533A /* beanfs */,
				D75DD61118503EBB00519EB3 /* main.c */,
				D707064B186C4F2E0046533A /* util.h */,
				D7070649186C4F1B0046533A /* util.c */,
				D75DD61318503EBB00519EB3 /* v_filesystem.1 */,
			);
			path = v_filesystem;
			sourceTree = "<group>";
		};
/* End PBXGroup section */

/* Begin PBXNativeTarget section */
		D75DD60D18503EBB00519EB3 /* v_filesystem */ = {
			isa = PBXNativeTarget;
			buildConfigurationList = D75DD61718503EBB00519EB3 /* Build configuration list for PBXNativeTarget "v_filesystem" */;
			buildPhases = (
				D75DD60A18503EBB00519EB3 /* Sources */,
				D75DD60B18503EBB00519EB3 /* Frameworks */,
				D75DD60C18503EBB00519EB3 /* CopyFiles */,
			);
			buildRules = (
			);
			dependencies = (
			);
			name = v_filesystem;
			productName = v_filesystem;
			productReference = D79D86681876A00900AFD401 /* v_filesystem */;
			productType = "com.apple.product-type.tool";
		};
/* End PBXNativeTarget section */

/* Begin PBXProject section */
		D75DD60618503EBB00519EB3 /* Project object */ = {
			isa = PBXProject;
			attributes = {
				LastUpgradeCheck = 0500;
				ORGANIZATIONNAME = WONDER;
			};
			buildConfigurationList = D75DD60918503EBB00519EB3 /* Build configuration list for PBXProject "v_filesystem" */;
			compatibilityVersion = "Xcode 3.2";
			developmentRegion = English;
			hasScannedForEncodings = 0;
			knownRegions = (
				en,
			);
			mainGroup = D75DD60518503EBB00519EB3;
			productRefGroup = D75DD60518503EBB00519EB3;
			projectDirPath = "";
			projectRoot = "";
			targets = (
				D75DD60D18503EBB00519EB3 /* v_filesystem */,
			);
		};
/* End PBXProject section */

/* Begin PBXSourcesBuildPhase section */
		D75DD60A18503EBB00519EB3 /* Sources */ = {
			isa = PBXSourcesBuildPhase;
			buildActionMask = 2147483647;
			files = (
				D707065F186D27460046533A /* namei.c in Sources */,
				D75DD61218503EBB00519EB3 /* main.c in Sources */,
				D707065B186D1A010046533A /* dir.c in Sources */,
				D707064A186C4F1B0046533A /* util.c in Sources */,
				D7070659186D19EE0046533A /* file.c in Sources */,
				D707065D186D1E690046533A /* super.c in Sources */,
				D79D866C1879B78400AFD401 /* balloc.c in Sources */,
				D721F8A018758B2B00EAF9E7 /* inode.c in Sources */,
			);
			runOnlyForDeploymentPostprocessing = 0;
		};
/* End PBXSourcesBuildPhase section */

/* Begin XCBuildConfiguration section */
		D75DD61518503EBB00519EB3 /* Debug */ = {
			isa = XCBuildConfiguration;
			buildSettings = {
				ALWAYS_SEARCH_USER_PATHS = NO;
				CLANG_CXX_LANGUAGE_STANDARD = "gnu++0x";
				CLANG_CXX_LIBRARY = "libc++";
				CLANG_ENABLE_OBJC_ARC = YES;
				CLANG_WARN_BOOL_CONVERSION = YES;
				CLANG_WARN_CONSTANT_CONVERSION = YES;
				CLANG_WARN_DIRECT_OBJC_ISA_USAGE = YES_ERROR;
				CLANG_WARN_EMPTY_BODY = YES;
				CLANG_WARN_ENUM_CONVERSION = YES;
				CLANG_WARN_INT_CONVERSION = YES;
				CLANG_WARN_OBJC_ROOT_CLASS = YES_ERROR;
				CLANG_WARN__DUPLICATE_METHOD_MATCH = YES;
				COPY_PHASE_STRIP = NO;
				GCC_C_LANGUAGE_STANDARD = gnu99;
				GCC_DYNAMIC_NO_PIC = NO;
				GCC_ENABLE_OBJC_EXCEPTIONS = YES;
				GCC_OPTIMIZATION_LEVEL = 0;
				GCC_PREPROCESSOR_DEFINITIONS = (
					"DEBUG=1",
					"$(inherited)",
				);
				GCC_SYMBOLS_PRIVATE_EXTERN = NO;
				GCC_WARN_64_TO_32_BIT_CONVERSION = YES;
				GCC_WARN_ABOUT_RETURN_TYPE = YES_ERROR;
				GCC_WARN_UNDECLARED_SELECTOR = YES;
				GCC_WARN_UNINITIALIZED_AUTOS = YES;
				GCC_WARN_UNUSED_FUNCTION = YES;
				GCC_WARN_UNUSED_VARIABLE = YES;
				MACOSX_DEPLOYMENT_TARGET = 10.9;
				ONLY_ACTIVE_ARCH = YES;
				SDKROOT = macosx;
			};
			name = Debug;
		};
		D75DD61618503EBB00519EB3 /* Release */ = {
			isa = XCBuildConfiguration;
			buildSettings = {
				ALWAYS_SEARCH_USER_PATHS = NO;
				CLANG_CXX_LANGUAGE_STANDARD = "gnu++0x";
				CLANG_CXX_LIBRARY = "libc++";
				CLANG_ENABLE_OBJC_ARC = YES;
				CLANG_WARN_BOOL_CONVERSION = YES;
				CLANG_WARN_CONSTANT_CONVERSION = YES;
				CLANG_WARN_DIRECT_OBJC_ISA_USAGE = YES_ERROR;
				CLANG_WARN_EMPTY_BODY = YES;
				CLANG_WARN_ENUM_CONVERSION = YES;
				CLANG_WARN_INT_CONVERSION = YES;
				CLANG_WARN_OBJC_ROOT_CLASS = YES_ERROR;
				CLANG_WARN__DUPLICATE_METHOD_MATCH = YES;
				COPY_PHASE_STRIP = YES;
				DEBUG_INFORMATION_FORMAT = "dwarf-with-dsym";
				ENABLE_NS_ASSERTIONS = NO;
				GCC_C_LANGUAGE_STANDARD = gnu99;
				GCC_ENABLE_OBJC_EXCEPTIONS = YES;
				GCC_WARN_64_TO_32_BIT_CONVERSION = YES;
				GCC_WARN_ABOUT_RETURN_TYPE = YES_ERROR;
				GCC_WARN_UNDECLARED_SELECTOR = YES;
				GCC_WARN_UNINITIALIZED_AUTOS = YES;
				GCC_WARN_UNUSED_FUNCTION = YES;
				GCC_WARN_UNUSED_VARIABLE = YES;
				MACOSX_DEPLOYMENT_TARGET = 10.9;
				SDKROOT = macosx;
			};
			name = Release;
		};
		D75DD61818503EBB00519EB3 /* Debug */ = {
			isa = XCBuildConfiguration;
			buildSettings = {
				PRODUCT_NAME = "$(TARGET_NAME)";
			};
			name = Debug;
		};
		D75DD61918503EBB00519EB3 /* Release */ = {
			isa = XCBuildConfiguration;
			buildSettings = {
				PRODUCT_NAME = "$(TARGET_NAME)";
			};
			name = Release;
		};
/* End XCBuildConfiguration section */

/* Begin XCConfigurationList section */
		D75DD60918503EBB00519EB3 /* Build configuration list for PBXProject "v_filesystem" */ = {
			isa = XCConfigurationList;
			buildConfigurations = (
				D75DD61518503EBB00519EB3 /* Debug */,
				D75DD61618503EBB00519EB3 /* Release */,
			);
			defaultConfigurationIsVisible = 0;
			defaultConfigurationName = Release;
		};
		D75DD61718503EBB00519EB3 /* Build configuration list for PBXNativeTarget "v_filesystem" */ = {
			isa = XCConfigurationList;
			buildConfigurations = (
				D75DD61818503EBB00519EB3 /* Debug */,
				D75DD61918503EBB00519EB3 /* Release */,
			);
			defaultConfigurationIsVisible = 0;
			defaultConfigurationName = Release;
		};
/* End XCConfigurationList section */
	};
	rootObject = D75DD60618503EBB00519EB3 /* Project object */;
}
